
Microsoft Visual Studio Solution File, Format Version 12.00
# Visual Studio Version 17
VisualStudioVersion = 17.11.35327.3
MinimumVisualStudioVersion = 10.0.40219.1
Project("{FAE04EC0-301F-11D3-BF4B-00C04F79EFBC}") = "WebAPI", "WebAPI.csproj", "{02F635FB-DF27-43C4-B9B5-F394B20CDADF}"
EndProject
Global
	GlobalSection(SolutionConfigurationPlatforms) = preSolution
		Debug|Any CPU = Debug|Any CPU
		Release|Any CPU = Release|Any CPU
	EndGlobalSection
	GlobalSection(ProjectConfigurationPlatforms) = postSolution
		{02F635FB-DF27-43C4-B9B5-F394B20CDADF}.Debug|Any CPU.ActiveCfg = Debug|Any CPU
		{02F635FB-DF27-43C4-B9B5-F394B20CDADF}.Debug|Any CPU.Build.0 = Debug|Any CPU
		{02F635FB-DF27-43C4-B9B5-F394B20CDADF}.Release|Any CPU.ActiveCfg = Release|Any CPU
		{02F635FB-DF27-43C4-B9B5-F394B20CDADF}.Release|Any CPU.Build.0 = Release|Any CPU
	EndGlobalSection
	GlobalSection(SolutionProperties) = preSolution
		HideSolutionNode = FALSE
	EndGlobalSection
	GlobalSection(ExtensibilityGlobals) = postSolution
		SolutionGuid = {6D69D95E-8073-4191-9C83-4116104AAA3C}
	EndGlobalSection
EndGlobal
